
Microsoft Visual Studio Solution File, Format Version 12.00
# Visual Studio 15
VisualStudioVersion = 15.0.26124.0
MinimumVisualStudioVersion = 15.0.26124.0
Project("{2150E333-8FDC-42A3-9474-1A3956D46DE8}") = "package", "package", "{A62AF8CB-9EA7-4916-99A4-CE482697FE2B}"
ProjectSection(SolutionItems) = preProject
	LICENSE = LICENSE
	NOTICE = NOTICE
	README.md = README.md
	assets\ppw-logo-2.png = assets\ppw-logo-2.png
	assets\ppw-logo.png = assets\ppw-logo.png
EndProjectSection
EndProject
Project("{2150E333-8FDC-42A3-9474-1A3956D46DE8}") = "solution-items", "solution-items", "{74A29F17-0BB7-4349-8A8B-591066980636}"
ProjectSection(SolutionItems) = preProject
	src\Directory.Build.props = src\Directory.Build.props
	src\Directory.Packages.props = src\Directory.Packages.props
	src\common-tests.props = src\common-tests.props
	src\common.props = src\common.props
	global.json = global.json
EndProjectSection
EndProject
Project("{FAE04EC0-301F-11D3-BF4B-00C04F79EFBC}") = "PPWCode.Server.Core.Hangfire", "src\PPWCode.Server.Core.Hangfire\PPWCode.Server.Core.Hangfire.csproj", "{6BD66472-1887-4E7A-89E8-D58FE6E3A7D5}"
EndProject
Project("{2150E333-8FDC-42A3-9474-1A3956D46DE8}") = "analyzers", "analyzers", "{0ED15F5F-55C0-401A-A677-A6E00494D600}"
	ProjectSection(SolutionItems) = preProject
		src\Analyzer.ruleset = src\Analyzer.ruleset
		src\Analyzer-Tests.ruleset = src\Analyzer-Tests.ruleset
	EndProjectSection
EndProject
Project("{2150E333-8FDC-42A3-9474-1A3956D46DE8}") = "build-pipeline", "build-pipeline", "{9D98CFB8-DD79-4352-8060-B39A09FF94E8}"
	ProjectSection(SolutionItems) = preProject
		.github\workflows\ci.yml = .github\workflows\ci.yml
		.github\workflows\publish.yml = .github\workflows\publish.yml
	EndProjectSection
EndProject
Global
	GlobalSection(SolutionConfigurationPlatforms) = preSolution
		Debug|Any CPU = Debug|Any CPU
		Debug|x64 = Debug|x64
		Debug|x86 = Debug|x86
		Release|Any CPU = Release|Any CPU
		Release|x64 = Release|x64
		Release|x86 = Release|x86
	EndGlobalSection
	GlobalSection(SolutionProperties) = preSolution
		HideSolutionNode = FALSE
	EndGlobalSection
	GlobalSection(ProjectConfigurationPlatforms) = postSolution
		{6BD66472-1887-4E7A-89E8-D58FE6E3A7D5}.Debug|Any CPU.ActiveCfg = Debug|Any CPU
		{6BD66472-1887-4E7A-89E8-D58FE6E3A7D5}.Debug|Any CPU.Build.0 = Debug|Any CPU
		{6BD66472-1887-4E7A-89E8-D58FE6E3A7D5}.Debug|x64.ActiveCfg = Debug|Any CPU
		{6BD66472-1887-4E7A-89E8-D58FE6E3A7D5}.Debug|x64.Build.0 = Debug|Any CPU
		{6BD66472-1887-4E7A-89E8-D58FE6E3A7D5}.Debug|x86.ActiveCfg = Debug|Any CPU
		{6BD66472-1887-4E7A-89E8-D58FE6E3A7D5}.Debug|x86.Build.0 = Debug|Any CPU
		{6BD66472-1887-4E7A-89E8-D58FE6E3A7D5}.Release|Any CPU.ActiveCfg = Release|Any CPU
		{6BD66472-1887-4E7A-89E8-D58FE6E3A7D5}.Release|Any CPU.Build.0 = Release|Any CPU
		{6BD66472-1887-4E7A-89E8-D58FE6E3A7D5}.Release|x64.ActiveCfg = Release|Any CPU
		{6BD66472-1887-4E7A-89E8-D58FE6E3A7D5}.Release|x64.Build.0 = Release|Any CPU
		{6BD66472-1887-4E7A-89E8-D58FE6E3A7D5}.Release|x86.ActiveCfg = Release|Any CPU
		{6BD66472-1887-4E7A-89E8-D58FE6E3A7D5}.Release|x86.Build.0 = Release|Any CPU
	EndGlobalSection
EndGlobal
